// !$*UTF8*$!
{
	archiveVersion = 1;
	classes = {
	};
	objectVersion = 48;
	objects = {

/* Begin PBXBuildFile section */
		60CB7823206BAC1B00FF9EB5 /* tsd.c in Sources */ = {isa = PBXBuildFile; fileRef = 60CB7822206BAC1B00FF9EB5 /* tsd.c */; };
		60EC942A2060FB1600386EEC /* sysutil.c in Sources */ = {isa = PBXBuildFile; fileRef = 60DE6F9320590E090012BDEF /* sysutil.c */; };
/* End PBXBuildFile section */

/* Begin PBXCopyFilesBuildPhase section */
		607E213520445F47008F5E3A /* CopyFiles */ = {
			isa = PBXCopyFilesBuildPhase;
			buildActionMask = 2147483647;
			dstPath = /usr/share/man/man1/;
			dstSubfolderSpec = 0;
			files = (
			);
			runOnlyForDeploymentPostprocessing = 1;
		};
/* End PBXCopyFilesBuildPhase section */

/* Begin PBXFileReference section */
		6032FE2320591E120001F0AD /* cli.c */ = {isa = PBXFileReference; lastKnownFileType = sourcecode.c.c; path = cli.c; sourceTree = "<group>"; };
		603AA8E6206648FD001776B9 /* msg_get.c */ = {isa = PBXFileReference; lastKnownFileType = sourcecode.c.c; path = msg_get.c; sourceTree = "<group>"; };
		603AA8E820664DDD001776B9 /* msg_rmid.c */ = {isa = PBXFileReference; lastKnownFileType = sourcecode.c.c; path = msg_rmid.c; sourceTree = "<group>"; };
		603AA8EA20664EA5001776B9 /* msg_stat.c */ = {isa = PBXFileReference; lastKnownFileType = sourcecode.c.c; path = msg_stat.c; sourceTree = "<group>"; };
		603AA8EC20665193001776B9 /* msg_set.c */ = {isa = PBXFileReference; lastKnownFileType = sourcecode.c.c; path = msg_set.c; sourceTree = "<group>"; };
		603AA8EF206658BB001776B9 /* msg_send.c */ = {isa = PBXFileReference; lastKnownFileType = sourcecode.c.c; path = msg_send.c; sourceTree = "<group>"; };
		603AA8F1206665A5001776B9 /* msg_recv.c */ = {isa = PBXFileReference; lastKnownFileType = sourcecode.c.c; path = msg_recv.c; sourceTree = "<group>"; };
		603AA8F42066956C001776B9 /* echosrv.c */ = {isa = PBXFileReference; lastKnownFileType = sourcecode.c.c; path = echosrv.c; sourceTree = "<group>"; };
		603AA8F620669590001776B9 /* echocli.c */ = {isa = PBXFileReference; lastKnownFileType = sourcecode.c.c; path = echocli.c; sourceTree = "<group>"; };
		603AA8F92067700A001776B9 /* mmap_write.c */ = {isa = PBXFileReference; lastKnownFileType = sourcecode.c.c; path = mmap_write.c; sourceTree = "<group>"; };
		603AA8FB20677546001776B9 /* mmap_read.c */ = {isa = PBXFileReference; lastKnownFileType = sourcecode.c.c; path = mmap_read.c; sourceTree = "<group>"; };
		603AA8FE2067ACD0001776B9 /* shmwrite.c */ = {isa = PBXFileReference; lastKnownFileType = sourcecode.c.c; path = shmwrite.c; sourceTree = "<group>"; };
		603AA9002067AE6A001776B9 /* shmread.c */ = {isa = PBXFileReference; lastKnownFileType = sourcecode.c.c; path = shmread.c; sourceTree = "<group>"; };
		603C6C2220554D9C0051F7F0 /* server13.c */ = {isa = PBXFileReference; fileEncoding = 4; lastKnownFileType = sourcecode.c.c; path = server13.c; sourceTree = "<group>"; };
		603C6C2320554D9C0051F7F0 /* client13.c */ = {isa = PBXFileReference; fileEncoding = 4; lastKnownFileType = sourcecode.c.c; path = client13.c; sourceTree = "<group>"; };
		607E213720445F47008F5E3A /* LearnSocket */ = {isa = PBXFileReference; explicitFileType = "compiled.mach-o.executable"; includeInIndex = 0; path = LearnSocket; sourceTree = BUILT_PRODUCTS_DIR; };
		607E213A20445F47008F5E3A /* main.c */ = {isa = PBXFileReference; lastKnownFileType = sourcecode.c.c; path = main.c; sourceTree = "<group>"; };
		607E214120445F9A008F5E3A /* client.c */ = {isa = PBXFileReference; fileEncoding = 4; lastKnownFileType = sourcecode.c.c; path = client.c; sourceTree = "<group>"; };
		608550C8205CA92700DE68AD /* changeselectlimit.c */ = {isa = PBXFileReference; lastKnownFileType = sourcecode.c.c; path = changeselectlimit.c; sourceTree = "<group>"; };
		608550CA205CAD0B00DE68AD /* conn_test_client.c */ = {isa = PBXFileReference; fileEncoding = 4; lastKnownFileType = sourcecode.c.c; path = conn_test_client.c; sourceTree = "<group>"; };
		608550CB205CAD0B00DE68AD /* srv17.c */ = {isa = PBXFileReference; fileEncoding = 4; lastKnownFileType = sourcecode.c.c; path = srv17.c; sourceTree = "<group>"; };
		608E003F2068CE2100EDC21E /* sem.c */ = {isa = PBXFileReference; lastKnownFileType = sourcecode.c.c; path = sem.c; sourceTree = "<group>"; };
		6098A46320541C8000166D72 /* server12.c */ = {isa = PBXFileReference; fileEncoding = 4; lastKnownFileType = sourcecode.c.c; path = server12.c; sourceTree = "<group>"; };
		6098A46420541C8000166D72 /* client12.c */ = {isa = PBXFileReference; fileEncoding = 4; lastKnownFileType = sourcecode.c.c; path = client12.c; sourceTree = "<group>"; };
		60A79526206A54AD00B35F0E /* shm.c */ = {isa = PBXFileReference; lastKnownFileType = sourcecode.c.c; path = shm.c; sourceTree = "<group>"; };
		60AD5574204BDEA100819092 /* p2pServ.c */ = {isa = PBXFileReference; lastKnownFileType = sourcecode.c.c; path = p2pServ.c; sourceTree = "<group>"; };
		60AD5576204BE0B000819092 /* p2pClient.c */ = {isa = PBXFileReference; lastKnownFileType = sourcecode.c.c; path = p2pClient.c; sourceTree = "<group>"; };
		60B8C7C2205181BA00481484 /* server10.c */ = {isa = PBXFileReference; lastKnownFileType = sourcecode.c.c; path = server10.c; sourceTree = "<group>"; };
		60B8C7C4205181C900481484 /* client10.c */ = {isa = PBXFileReference; lastKnownFileType = sourcecode.c.c; path = client10.c; sourceTree = "<group>"; };
		60B8C7C62051871F00481484 /* getip.c */ = {isa = PBXFileReference; lastKnownFileType = sourcecode.c.c; path = getip.c; sourceTree = "<group>"; };
		60B8C7C920519CA500481484 /* server11.c */ = {isa = PBXFileReference; fileEncoding = 4; lastKnownFileType = sourcecode.c.c; path = server11.c; sourceTree = "<group>"; };
		60B8C7CA20519CA500481484 /* client11.c */ = {isa = PBXFileReference; fileEncoding = 4; lastKnownFileType = sourcecode.c.c; path = client11.c; sourceTree = "<group>"; };
		60CB781B206B42B200FF9EB5 /* pthread1.c */ = {isa = PBXFileReference; lastKnownFileType = sourcecode.c.c; path = pthread1.c; sourceTree = "<group>"; };
		60CB781D206B44F700FF9EB5 /* echosrv.c */ = {isa = PBXFileReference; lastKnownFileType = sourcecode.c.c; path = echosrv.c; sourceTree = "<group>"; };
		60CB7820206BA3D300FF9EB5 /* threadattr.c */ = {isa = PBXFileReference; lastKnownFileType = sourcecode.c.c; path = threadattr.c; sourceTree = "<group>"; };
		60CB7822206BAC1B00FF9EB5 /* tsd.c */ = {isa = PBXFileReference; lastKnownFileType = sourcecode.c.c; path = tsd.c; sourceTree = "<group>"; };
		60CE96F0206381380001A53A /* echosrv.c */ = {isa = PBXFileReference; lastKnownFileType = sourcecode.c.c; path = echosrv.c; sourceTree = "<group>"; };
		60CE96F32063845E0001A53A /* echocli.c */ = {isa = PBXFileReference; lastKnownFileType = sourcecode.c.c; path = echocli.c; sourceTree = "<group>"; };
		60CE96F620638B150001A53A /* socket_pair.c */ = {isa = PBXFileReference; lastKnownFileType = sourcecode.c.c; path = socket_pair.c; sourceTree = "<group>"; };
		60CE96F82063A69B0001A53A /* send_fd.c */ = {isa = PBXFileReference; lastKnownFileType = sourcecode.c.c; path = send_fd.c; sourceTree = "<group>"; };
		60D7890F2068903800D9746D /* sem.c */ = {isa = PBXFileReference; lastKnownFileType = sourcecode.c.c; path = sem.c; sourceTree = "<group>"; };
		60D7891120689E2B00D9746D /* semtool.c */ = {isa = PBXFileReference; lastKnownFileType = sourcecode.c.c; path = semtool.c; sourceTree = "<group>"; };
		60DE6F9320590E090012BDEF /* sysutil.c */ = {isa = PBXFileReference; lastKnownFileType = sourcecode.c.c; path = sysutil.c; sourceTree = "<group>"; };
		60DE6F95205913950012BDEF /* sysutil.h */ = {isa = PBXFileReference; lastKnownFileType = sourcecode.c.h; path = sysutil.h; sourceTree = "<group>"; };
		60DE6F9620591B4D0012BDEF /* srv.c */ = {isa = PBXFileReference; lastKnownFileType = sourcecode.c.c; path = srv.c; sourceTree = "<group>"; };
		60EC94272060F84700386EEC /* epollsrv.cpp */ = {isa = PBXFileReference; lastKnownFileType = sourcecode.cpp.cpp; path = epollsrv.cpp; sourceTree = "<group>"; };
		60EC942C206107BD00386EEC /* echosrv.c */ = {isa = PBXFileReference; lastKnownFileType = sourcecode.c.c; path = echosrv.c; sourceTree = "<group>"; };
		60EC942E20610B5800386EEC /* echocli.c */ = {isa = PBXFileReference; lastKnownFileType = sourcecode.c.c; path = echocli.c; sourceTree = "<group>"; };
		60EC943020610E8300386EEC /* trunc.c */ = {isa = PBXFileReference; lastKnownFileType = sourcecode.c.c; path = trunc.c; sourceTree = "<group>"; };
		60F218E72069405E00E12ECE /* sem.c */ = {isa = PBXFileReference; lastKnownFileType = sourcecode.c.c; path = sem.c; sourceTree = "<group>"; };
/* End PBXFileReference section */

/* Begin PBXFrameworksBuildPhase section */
		607E213420445F47008F5E3A /* Frameworks */ = {
			isa = PBXFrameworksBuildPhase;
			buildActionMask = 2147483647;
			files = (
			);
			runOnlyForDeploymentPostprocessing = 0;
		};
/* End PBXFrameworksBuildPhase section */

/* Begin PBXGroup section */
		603AA8E5206648B4001776B9 /* 25_msgqueue */ = {
			isa = PBXGroup;
			children = (
				603AA8E6206648FD001776B9 /* msg_get.c */,
				603AA8E820664DDD001776B9 /* msg_rmid.c */,
				603AA8EA20664EA5001776B9 /* msg_stat.c */,
				603AA8EC20665193001776B9 /* msg_set.c */,
				603AA8EF206658BB001776B9 /* msg_send.c */,
				603AA8F1206665A5001776B9 /* msg_recv.c */,
			);
			path = 25_msgqueue;
			sourceTree = "<group>";
		};
		603AA8F320669504001776B9 /* 27_msgqueu_echo */ = {
			isa = PBXGroup;
			children = (
				603AA8F42066956C001776B9 /* echosrv.c */,
				603AA8F620669590001776B9 /* echocli.c */,
			);
			path = 27_msgqueu_echo;
			sourceTree = "<group>";
		};
		603AA8F820676F89001776B9 /* 28_share_memory */ = {
			isa = PBXGroup;
			children = (
				603AA8F92067700A001776B9 /* mmap_write.c */,
				603AA8FB20677546001776B9 /* mmap_read.c */,
			);
			path = 28_share_memory;
			sourceTree = "<group>";
		};
		603AA8FD2067ACB2001776B9 /* 29_share_memory */ = {
			isa = PBXGroup;
			children = (
				603AA8FE2067ACD0001776B9 /* shmwrite.c */,
				603AA9002067AE6A001776B9 /* shmread.c */,
			);
			path = 29_share_memory;
			sourceTree = "<group>";
		};
		603C6C2120554D680051F7F0 /* 13_select */ = {
			isa = PBXGroup;
			children = (
				603C6C2320554D9C0051F7F0 /* client13.c */,
				603C6C2220554D9C0051F7F0 /* server13.c */,
			);
			path = 13_select;
			sourceTree = "<group>";
		};
		607E212E20445F47008F5E3A = {
			isa = PBXGroup;
			children = (
				607E213920445F47008F5E3A /* LearnSocket */,
				607E213820445F47008F5E3A /* Products */,
			);
			sourceTree = "<group>";
		};
		607E213820445F47008F5E3A /* Products */ = {
			isa = PBXGroup;
			children = (
				607E213720445F47008F5E3A /* LearnSocket */,
			);
			name = Products;
			sourceTree = "<group>";
		};
		607E213920445F47008F5E3A /* LearnSocket */ = {
			isa = PBXGroup;
			children = (
				60CB781F206BA3AD00FF9EB5 /* 38_posix_thread */,
				60CB781A206B428000FF9EB5 /* 37_posix_thread */,
				60A79525206A549000B35F0E /* 35_posix_share_memory */,
				60F218E62069404100E12ECE /* 32_signal_philosopher */,
				608E003E2068CE0D00EDC21E /* 31_signal */,
				60D7890E2068901700D9746D /* 30_signal */,
				603AA8FD2067ACB2001776B9 /* 29_share_memory */,
				603AA8F820676F89001776B9 /* 28_share_memory */,
				603AA8F320669504001776B9 /* 27_msgqueu_echo */,
				603AA8E5206648B4001776B9 /* 25_msgqueue */,
				60CE96F520638AD70001A53A /* 22_sock_pair */,
				60CE96EF206380F00001A53A /* 21_unix_socket */,
				60EC942B2061079000386EEC /* 19_upd */,
				60EC94262060F81400386EEC /* 18_epoll */,
				608550C7205CA88C00DE68AD /* 17_poll */,
				60DE6F9220590D2B0012BDEF /* 16_timeout */,
				603C6C2120554D680051F7F0 /* 13_select */,
				6098A46220541C4100166D72 /* 12_signal */,
				60B8C7C820519C6A00481484 /* 11_signal */,
				60B8C7C12051819300481484 /* 10_readline */,
				607E214120445F9A008F5E3A /* client.c */,
				607E213A20445F47008F5E3A /* main.c */,
				60AD5574204BDEA100819092 /* p2pServ.c */,
				60AD5576204BE0B000819092 /* p2pClient.c */,
			);
			path = LearnSocket;
			sourceTree = "<group>";
		};
		608550C7205CA88C00DE68AD /* 17_poll */ = {
			isa = PBXGroup;
			children = (
				608550CA205CAD0B00DE68AD /* conn_test_client.c */,
				608550CB205CAD0B00DE68AD /* srv17.c */,
				608550C8205CA92700DE68AD /* changeselectlimit.c */,
			);
			path = 17_poll;
			sourceTree = "<group>";
		};
		608E003E2068CE0D00EDC21E /* 31_signal */ = {
			isa = PBXGroup;
			children = (
				608E003F2068CE2100EDC21E /* sem.c */,
			);
			path = 31_signal;
			sourceTree = "<group>";
		};
		6098A46220541C4100166D72 /* 12_signal */ = {
			isa = PBXGroup;
			children = (
				6098A46420541C8000166D72 /* client12.c */,
				6098A46320541C8000166D72 /* server12.c */,
			);
			path = 12_signal;
			sourceTree = "<group>";
		};
		60A79525206A549000B35F0E /* 35_posix_share_memory */ = {
			isa = PBXGroup;
			children = (
				60A79526206A54AD00B35F0E /* shm.c */,
			);
			path = 35_posix_share_memory;
			sourceTree = "<group>";
		};
		60B8C7C12051819300481484 /* 10_readline */ = {
			isa = PBXGroup;
			children = (
				60B8C7C2205181BA00481484 /* server10.c */,
				60B8C7C4205181C900481484 /* client10.c */,
				60B8C7C62051871F00481484 /* getip.c */,
			);
			path = 10_readline;
			sourceTree = "<group>";
		};
		60B8C7C820519C6A00481484 /* 11_signal */ = {
			isa = PBXGroup;
			children = (
				60B8C7CA20519CA500481484 /* client11.c */,
				60B8C7C920519CA500481484 /* server11.c */,
			);
			path = 11_signal;
			sourceTree = "<group>";
		};
		60CB781A206B428000FF9EB5 /* 37_posix_thread */ = {
			isa = PBXGroup;
			children = (
				60CB781B206B42B200FF9EB5 /* pthread1.c */,
				60CB781D206B44F700FF9EB5 /* echosrv.c */,
			);
			path = 37_posix_thread;
			sourceTree = "<group>";
		};
		60CB781F206BA3AD00FF9EB5 /* 38_posix_thread */ = {
			isa = PBXGroup;
			children = (
				60CB7820206BA3D300FF9EB5 /* threadattr.c */,
				60CB7822206BAC1B00FF9EB5 /* tsd.c */,
			);
			path = 38_posix_thread;
			sourceTree = "<group>";
		};
		60CE96EF206380F00001A53A /* 21_unix_socket */ = {
			isa = PBXGroup;
			children = (
				60CE96F0206381380001A53A /* echosrv.c */,
				60CE96F32063845E0001A53A /* echocli.c */,
			);
			path = 21_unix_socket;
			sourceTree = "<group>";
		};
		60CE96F520638AD70001A53A /* 22_sock_pair */ = {
			isa = PBXGroup;
			children = (
				60CE96F620638B150001A53A /* socket_pair.c */,
				60CE96F82063A69B0001A53A /* send_fd.c */,
			);
			path = 22_sock_pair;
			sourceTree = "<group>";
		};
		60D7890E2068901700D9746D /* 30_signal */ = {
			isa = PBXGroup;
			children = (
				60D7890F2068903800D9746D /* sem.c */,
				60D7891120689E2B00D9746D /* semtool.c */,
			);
			path = 30_signal;
			sourceTree = "<group>";
		};
		60DE6F9220590D2B0012BDEF /* 16_timeout */ = {
			isa = PBXGroup;
			children = (
				60DE6F9320590E090012BDEF /* sysutil.c */,
				60DE6F95205913950012BDEF /* sysutil.h */,
				60DE6F9620591B4D0012BDEF /* srv.c */,
				6032FE2320591E120001F0AD /* cli.c */,
			);
			path = 16_timeout;
			sourceTree = "<group>";
		};
		60EC94262060F81400386EEC /* 18_epoll */ = {
			isa = PBXGroup;
			children = (
				60EC94272060F84700386EEC /* epollsrv.cpp */,
			);
			path = 18_epoll;
			sourceTree = "<group>";
		};
		60EC942B2061079000386EEC /* 19_upd */ = {
			isa = PBXGroup;
			children = (
				60EC942C206107BD00386EEC /* echosrv.c */,
				60EC942E20610B5800386EEC /* echocli.c */,
				60EC943020610E8300386EEC /* trunc.c */,
			);
			path = 19_upd;
			sourceTree = "<group>";
		};
		60F218E62069404100E12ECE /* 32_signal_philosopher */ = {
			isa = PBXGroup;
			children = (
				60F218E72069405E00E12ECE /* sem.c */,
			);
			path = 32_signal_philosopher;
			sourceTree = "<group>";
		};
/* End PBXGroup section */

/* Begin PBXNativeTarget section */
		607E213620445F47008F5E3A /* LearnSocket */ = {
			isa = PBXNativeTarget;
			buildConfigurationList = 607E213E20445F47008F5E3A /* Build configuration list for PBXNativeTarget "LearnSocket" */;
			buildPhases = (
				607E213320445F47008F5E3A /* Sources */,
				607E213420445F47008F5E3A /* Frameworks */,
				607E213520445F47008F5E3A /* CopyFiles */,
			);
			buildRules = (
			);
			dependencies = (
			);
			name = LearnSocket;
			productName = LearnSocket;
			productReference = 607E213720445F47008F5E3A /* LearnSocket */;
			productType = "com.apple.product-type.tool";
		};
/* End PBXNativeTarget section */

/* Begin PBXProject section */
		607E212F20445F47008F5E3A /* Project object */ = {
			isa = PBXProject;
			attributes = {
				LastUpgradeCheck = 0920;
				ORGANIZATIONNAME = HansonStudio;
				TargetAttributes = {
					607E213620445F47008F5E3A = {
						CreatedOnToolsVersion = 9.2;
						ProvisioningStyle = Automatic;
					};
				};
			};
			buildConfigurationList = 607E213220445F47008F5E3A /* Build configuration list for PBXProject "LearnSocket" */;
			compatibilityVersion = "Xcode 8.0";
			developmentRegion = en;
			hasScannedForEncodings = 0;
			knownRegions = (
				en,
			);
			mainGroup = 607E212E20445F47008F5E3A;
			productRefGroup = 607E213820445F47008F5E3A /* Products */;
			projectDirPath = "";
			projectRoot = "";
			targets = (
				607E213620445F47008F5E3A /* LearnSocket */,
			);
		};
/* End PBXProject section */

/* Begin PBXSourcesBuildPhase section */
		607E213320445F47008F5E3A /* Sources */ = {
			isa = PBXSourcesBuildPhase;
			buildActionMask = 2147483647;
			files = (
				60CB7823206BAC1B00FF9EB5 /* tsd.c in Sources */,
				60EC942A2060FB1600386EEC /* sysutil.c in Sources */,
			);
			runOnlyForDeploymentPostprocessing = 0;
		};
/* End PBXSourcesBuildPhase section */

/* Begin XCBuildConfiguration section */
		607E213C20445F47008F5E3A /* Debug */ = {
			isa = XCBuildConfiguration;
			buildSettings = {
				ALWAYS_SEARCH_USER_PATHS = NO;
				CLANG_ANALYZER_NONNULL = YES;
				CLANG_ANALYZER_NUMBER_OBJECT_CONVERSION = YES_AGGRESSIVE;
				CLANG_CXX_LANGUAGE_STANDARD = "gnu++14";
				CLANG_CXX_LIBRARY = "libc++";
				CLANG_ENABLE_MODULES = YES;
				CLANG_ENABLE_OBJC_ARC = YES;
				CLANG_WARN_BLOCK_CAPTURE_AUTORELEASING = YES;
				CLANG_WARN_BOOL_CONVERSION = YES;
				CLANG_WARN_COMMA = YES;
				CLANG_WARN_CONSTANT_CONVERSION = YES;
				CLANG_WARN_DIRECT_OBJC_ISA_USAGE = YES_ERROR;
				CLANG_WARN_DOCUMENTATION_COMMENTS = YES;
				CLANG_WARN_EMPTY_BODY = YES;
				CLANG_WARN_ENUM_CONVERSION = YES;
				CLANG_WARN_INFINITE_RECURSION = YES;
				CLANG_WARN_INT_CONVERSION = YES;
				CLANG_WARN_NON_LITERAL_NULL_CONVERSION = YES;
				CLANG_WARN_OBJC_LITERAL_CONVERSION = YES;
				CLANG_WARN_OBJC_ROOT_CLASS = YES_ERROR;
				CLANG_WARN_RANGE_LOOP_ANALYSIS = YES;
				CLANG_WARN_STRICT_PROTOTYPES = YES;
				CLANG_WARN_SUSPICIOUS_MOVE = YES;
				CLANG_WARN_UNGUARDED_AVAILABILITY = YES_AGGRESSIVE;
				CLANG_WARN_UNREACHABLE_CODE = YES;
				CLANG_WARN__DUPLICATE_METHOD_MATCH = YES;
				CODE_SIGN_IDENTITY = "Mac Developer";
				COPY_PHASE_STRIP = NO;
				DEBUG_INFORMATION_FORMAT = dwarf;
				ENABLE_STRICT_OBJC_MSGSEND = YES;
				ENABLE_TESTABILITY = YES;
				GCC_C_LANGUAGE_STANDARD = gnu11;
				GCC_DYNAMIC_NO_PIC = NO;
				GCC_NO_COMMON_BLOCKS = YES;
				GCC_OPTIMIZATION_LEVEL = 0;
				GCC_PREPROCESSOR_DEFINITIONS = (
					"DEBUG=1",
					"$(inherited)",
				);
				GCC_WARN_64_TO_32_BIT_CONVERSION = YES;
				GCC_WARN_ABOUT_RETURN_TYPE = YES_ERROR;
				GCC_WARN_UNDECLARED_SELECTOR = YES;
				GCC_WARN_UNINITIALIZED_AUTOS = YES_AGGRESSIVE;
				GCC_WARN_UNUSED_FUNCTION = YES;
				GCC_WARN_UNUSED_VARIABLE = YES;
				MACOSX_DEPLOYMENT_TARGET = 10.13;
				MTL_ENABLE_DEBUG_INFO = YES;
				ONLY_ACTIVE_ARCH = YES;
				SDKROOT = macosx;
			};
			name = Debug;
		};
		607E213D20445F47008F5E3A /* Release */ = {
			isa = XCBuildConfiguration;
			buildSettings = {
				ALWAYS_SEARCH_USER_PATHS = NO;
				CLANG_ANALYZER_NONNULL = YES;
				CLANG_ANALYZER_NUMBER_OBJECT_CONVERSION = YES_AGGRESSIVE;
				CLANG_CXX_LANGUAGE_STANDARD = "gnu++14";
				CLANG_CXX_LIBRARY = "libc++";
				CLANG_ENABLE_MODULES = YES;
				CLANG_ENABLE_OBJC_ARC = YES;
				CLANG_WARN_BLOCK_CAPTURE_AUTORELEASING = YES;
				CLANG_WARN_BOOL_CONVERSION = YES;
				CLANG_WARN_COMMA = YES;
				CLANG_WARN_CONSTANT_CONVERSION = YES;
				CLANG_WARN_DIRECT_OBJC_ISA_USAGE = YES_ERROR;
				CLANG_WARN_DOCUMENTATION_COMMENTS = YES;
				CLANG_WARN_EMPTY_BODY = YES;
				CLANG_WARN_ENUM_CONVERSION = YES;
				CLANG_WARN_INFINITE_RECURSION = YES;
				CLANG_WARN_INT_CONVERSION = YES;
				CLANG_WARN_NON_LITERAL_NULL_CONVERSION = YES;
				CLANG_WARN_OBJC_LITERAL_CONVERSION = YES;
				CLANG_WARN_OBJC_ROOT_CLASS = YES_ERROR;
				CLANG_WARN_RANGE_LOOP_ANALYSIS = YES;
				CLANG_WARN_STRICT_PROTOTYPES = YES;
				CLANG_WARN_SUSPICIOUS_MOVE = YES;
				CLANG_WARN_UNGUARDED_AVAILABILITY = YES_AGGRESSIVE;
				CLANG_WARN_UNREACHABLE_CODE = YES;
				CLANG_WARN__DUPLICATE_METHOD_MATCH = YES;
				CODE_SIGN_IDENTITY = "Mac Developer";
				COPY_PHASE_STRIP = NO;
				DEBUG_INFORMATION_FORMAT = "dwarf-with-dsym";
				ENABLE_NS_ASSERTIONS = NO;
				ENABLE_STRICT_OBJC_MSGSEND = YES;
				GCC_C_LANGUAGE_STANDARD = gnu11;
				GCC_NO_COMMON_BLOCKS = YES;
				GCC_WARN_64_TO_32_BIT_CONVERSION = YES;
				GCC_WARN_ABOUT_RETURN_TYPE = YES_ERROR;
				GCC_WARN_UNDECLARED_SELECTOR = YES;
				GCC_WARN_UNINITIALIZED_AUTOS = YES_AGGRESSIVE;
				GCC_WARN_UNUSED_FUNCTION = YES;
				GCC_WARN_UNUSED_VARIABLE = YES;
				MACOSX_DEPLOYMENT_TARGET = 10.13;
				MTL_ENABLE_DEBUG_INFO = NO;
				SDKROOT = macosx;
			};
			name = Release;
		};
		607E213F20445F47008F5E3A /* Debug */ = {
			isa = XCBuildConfiguration;
			buildSettings = {
				CODE_SIGN_STYLE = Automatic;
				DEVELOPMENT_TEAM = XC238MH24L;
				PRODUCT_NAME = "$(TARGET_NAME)";
			};
			name = Debug;
		};
		607E214020445F47008F5E3A /* Release */ = {
			isa = XCBuildConfiguration;
			buildSettings = {
				CODE_SIGN_STYLE = Automatic;
				DEVELOPMENT_TEAM = XC238MH24L;
				PRODUCT_NAME = "$(TARGET_NAME)";
			};
			name = Release;
		};
/* End XCBuildConfiguration section */

/* Begin XCConfigurationList section */
		607E213220445F47008F5E3A /* Build configuration list for PBXProject "LearnSocket" */ = {
			isa = XCConfigurationList;
			buildConfigurations = (
				607E213C20445F47008F5E3A /* Debug */,
				607E213D20445F47008F5E3A /* Release */,
			);
			defaultConfigurationIsVisible = 0;
			defaultConfigurationName = Release;
		};
		607E213E20445F47008F5E3A /* Build configuration list for PBXNativeTarget "LearnSocket" */ = {
			isa = XCConfigurationList;
			buildConfigurations = (
				607E213F20445F47008F5E3A /* Debug */,
				607E214020445F47008F5E3A /* Release */,
			);
			defaultConfigurationIsVisible = 0;
			defaultConfigurationName = Release;
		};
/* End XCConfigurationList section */
	};
	rootObject = 607E212F20445F47008F5E3A /* Project object */;
}
